// !$*UTF8*$!
{
	archiveVersion = 1;
	classes = {
	};
	objectVersion = 51;
	objects = {

/* Begin PBXBuildFile section */
		3578BEE02352AE1800A36A58 /* AppDelegate.swift in Sources */ = {isa = PBXBuildFile; fileRef = 3578BEDF2352AE1800A36A58 /* AppDelegate.swift */; };
		3578BEE22352AE1800A36A58 /* SceneDelegate.swift in Sources */ = {isa = PBXBuildFile; fileRef = 3578BEE12352AE1800A36A58 /* SceneDelegate.swift */; };
		3578BEE42352AE1800A36A58 /* ViewController.swift in Sources */ = {isa = PBXBuildFile; fileRef = 3578BEE32352AE1800A36A58 /* ViewController.swift */; };
		3578BEE72352AE1800A36A58 /* Main.storyboard in Resources */ = {isa = PBXBuildFile; fileRef = 3578BEE52352AE1800A36A58 /* Main.storyboard */; };
		3578BEE92352AE1800A36A58 /* Assets.xcassets in Resources */ = {isa = PBXBuildFile; fileRef = 3578BEE82352AE1800A36A58 /* Assets.xcassets */; };
		3578BEEC2352AE1800A36A58 /* LaunchScreen.storyboard in Resources */ = {isa = PBXBuildFile; fileRef = 3578BEEA2352AE1800A36A58 /* LaunchScreen.storyboard */; };
		3578BEF42352AEDA00A36A58 /* ContentView.swift in Sources */ = {isa = PBXBuildFile; fileRef = 3578BEF32352AEDA00A36A58 /* ContentView.swift */; };
		3578BEF623567A6600A36A58 /* GoogleService-Info.plist in Resources */ = {isa = PBXBuildFile; fileRef = 3578BEF523567A6600A36A58 /* GoogleService-Info.plist */; };
		D0432E8064007AF3D68B92AC /* Pods_MessageApp.framework in Frameworks */ = {isa = PBXBuildFile; fileRef = 220CA082BA932B4BB959908F /* Pods_MessageApp.framework */; };
/* End PBXBuildFile section */

/* Begin PBXFileReference section */
		220CA082BA932B4BB959908F /* Pods_MessageApp.framework */ = {isa = PBXFileReference; explicitFileType = wrapper.framework; includeInIndex = 0; path = Pods_MessageApp.framework; sourceTree = BUILT_PRODUCTS_DIR; };
		3578BEDC2352AE1800A36A58 /* MessageApp.app */ = {isa = PBXFileReference; explicitFileType = wrapper.application; includeInIndex = 0; path = MessageApp.app; sourceTree = BUILT_PRODUCTS_DIR; };
		3578BEDF2352AE1800A36A58 /* AppDelegate.swift */ = {isa = PBXFileReference; lastKnownFileType = sourcecode.swift; path = AppDelegate.swift; sourceTree = "<group>"; };
		3578BEE12352AE1800A36A58 /* SceneDelegate.swift */ = {isa = PBXFileReference; lastKnownFileType = sourcecode.swift; path = SceneDelegate.swift; sourceTree = "<group>"; };
		3578BEE32352AE1800A36A58 /* ViewController.swift */ = {isa = PBXFileReference; lastKnownFileType = sourcecode.swift; path = ViewController.swift; sourceTree = "<group>"; };
		3578BEE62352AE1800A36A58 /* Base */ = {isa = PBXFileReference; lastKnownFileType = file.storyboard; name = Base; path = Base.lproj/Main.storyboard; sourceTree = "<group>"; };
		3578BEE82352AE1800A36A58 /* Assets.xcassets */ = {isa = PBXFileReference; lastKnownFileType = folder.assetcatalog; path = Assets.xcassets; sourceTree = "<group>"; };
		3578BEEB2352AE1800A36A58 /* Base */ = {isa = PBXFileReference; lastKnownFileType = file.storyboard; name = Base; path = Base.lproj/LaunchScreen.storyboard; sourceTree = "<group>"; };
		3578BEED2352AE1800A36A58 /* Info.plist */ = {isa = PBXFileReference; lastKnownFileType = text.plist.xml; path = Info.plist; sourceTree = "<group>"; };
		3578BEF32352AEDA00A36A58 /* ContentView.swift */ = {isa = PBXFileReference; lastKnownFileType = sourcecode.swift; path = ContentView.swift; sourceTree = "<group>"; };
		3578BEF523567A6600A36A58 /* GoogleService-Info.plist */ = {isa = PBXFileReference; fileEncoding = 4; lastKnownFileType = text.plist.xml; path = "GoogleService-Info.plist"; sourceTree = "<group>"; };
		6F37EA5585205F24C51A9C42 /* Pods-MessageApp.release.xcconfig */ = {isa = PBXFileReference; includeInIndex = 1; lastKnownFileType = text.xcconfig; name = "Pods-MessageApp.release.xcconfig"; path = "Target Support Files/Pods-MessageApp/Pods-MessageApp.release.xcconfig"; sourceTree = "<group>"; };
		E10E894E25F9A931BE69D4EC /* Pods-MessageApp.debug.xcconfig */ = {isa = PBXFileReference; includeInIndex = 1; lastKnownFileType = text.xcconfig; name = "Pods-MessageApp.debug.xcconfig"; path = "Target Support Files/Pods-MessageApp/Pods-MessageApp.debug.xcconfig"; sourceTree = "<group>"; };
/* End PBXFileReference section */

/* Begin PBXFrameworksBuildPhase section */
		3578BED92352AE1800A36A58 /* Frameworks */ = {
			isa = PBXFrameworksBuildPhase;
			buildActionMask = 2147483647;
			files = (
				D0432E8064007AF3D68B92AC /* Pods_MessageApp.framework in Frameworks */,
			);
			runOnlyForDeploymentPostprocessing = 0;
		};
/* End PBXFrameworksBuildPhase section */

/* Begin PBXGroup section */
		2B428E20908DEC38A4D55D20 /* Frameworks */ = {
			isa = PBXGroup;
			children = (
				220CA082BA932B4BB959908F /* Pods_MessageApp.framework */,
			);
			name = Frameworks;
			sourceTree = "<group>";
		};
		3578BED32352AE1800A36A58 = {
			isa = PBXGroup;
			children = (
				3578BEDE2352AE1800A36A58 /* MessageApp */,
				3578BEDD2352AE1800A36A58 /* Products */,
				AE004B55DBA27192F5AF7CAF /* Pods */,
				2B428E20908DEC38A4D55D20 /* Frameworks */,
			);
			sourceTree = "<group>";
		};
		3578BEDD2352AE1800A36A58 /* Products */ = {
			isa = PBXGroup;
			children = (
				3578BEDC2352AE1800A36A58 /* MessageApp.app */,
			);
			name = Products;
			sourceTree = "<group>";
		};
		3578BEDE2352AE1800A36A58 /* MessageApp */ = {
			isa = PBXGroup;
			children = (
				3578BEDF2352AE1800A36A58 /* AppDelegate.swift */,
				3578BEF32352AEDA00A36A58 /* ContentView.swift */,
				3578BEE12352AE1800A36A58 /* SceneDelegate.swift */,
				3578BEE32352AE1800A36A58 /* ViewController.swift */,
				3578BEE52352AE1800A36A58 /* Main.storyboard */,
				3578BEE82352AE1800A36A58 /* Assets.xcassets */,
				3578BEEA2352AE1800A36A58 /* LaunchScreen.storyboard */,
				3578BEED2352AE1800A36A58 /* Info.plist */,
				3578BEF523567A6600A36A58 /* GoogleService-Info.plist */,
			);
			path = MessageApp;
			sourceTree = "<group>";
		};
		AE004B55DBA27192F5AF7CAF /* Pods */ = {
			isa = PBXGroup;
			children = (
				E10E894E25F9A931BE69D4EC /* Pods-MessageApp.debug.xcconfig */,
				6F37EA5585205F24C51A9C42 /* Pods-MessageApp.release.xcconfig */,
			);
			path = Pods;
			sourceTree = "<group>";
		};
/* End PBXGroup section */

/* Begin PBXNativeTarget section */
		3578BEDB2352AE1800A36A58 /* MessageApp */ = {
			isa = PBXNativeTarget;
			buildConfigurationList = 3578BEF02352AE1800A36A58 /* Build configuration list for PBXNativeTarget "MessageApp" */;
			buildPhases = (
				4C1B4D84BF2B643506A3E8E0 /* [CP] Check Pods Manifest.lock */,
				3578BED82352AE1800A36A58 /* Sources */,
				3578BED92352AE1800A36A58 /* Frameworks */,
				3578BEDA2352AE1800A36A58 /* Resources */,
				0D3B02A9CD9838033C6579DC /* [CP] Embed Pods Frameworks */,
			);
			buildRules = (
			);
			dependencies = (
			);
			name = MessageApp;
			productName = MessageApp;
			productReference = 3578BEDC2352AE1800A36A58 /* MessageApp.app */;
			productType = "com.apple.product-type.application";
		};
/* End PBXNativeTarget section */

/* Begin PBXProject section */
		3578BED42352AE1800A36A58 /* Project object */ = {
			isa = PBXProject;
			attributes = {
				LastSwiftUpdateCheck = 1110;
				LastUpgradeCheck = 1110;
				ORGANIZATIONNAME = "jeffrey chiang";
				TargetAttributes = {
					3578BEDB2352AE1800A36A58 = {
						CreatedOnToolsVersion = 11.1;
					};
				};
			};
			buildConfigurationList = 3578BED72352AE1800A36A58 /* Build configuration list for PBXProject "MessageApp" */;
			compatibilityVersion = "Xcode 9.3";
			developmentRegion = en;
			hasScannedForEncodings = 0;
			knownRegions = (
				en,
				Base,
			);
			mainGroup = 3578BED32352AE1800A36A58;
			productRefGroup = 3578BEDD2352AE1800A36A58 /* Products */;
			projectDirPath = "";
			projectRoot = "";
			targets = (
				3578BEDB2352AE1800A36A58 /* MessageApp */,
			);
		};
/* End PBXProject section */

/* Begin PBXResourcesBuildPhase section */
		3578BEDA2352AE1800A36A58 /* Resources */ = {
			isa = PBXResourcesBuildPhase;
			buildActionMask = 2147483647;
			files = (
				3578BEEC2352AE1800A36A58 /* LaunchScreen.storyboard in Resources */,
				3578BEF623567A6600A36A58 /* GoogleService-Info.plist in Resources */,
				3578BEE92352AE1800A36A58 /* Assets.xcassets in Resources */,
				3578BEE72352AE1800A36A58 /* Main.storyboard in Resources */,
			);
			runOnlyForDeploymentPostprocessing = 0;
		};
/* End PBXResourcesBuildPhase section */

/* Begin PBXShellScriptBuildPhase section */
		0D3B02A9CD9838033C6579DC /* [CP] Embed Pods Frameworks */ = {
			isa = PBXShellScriptBuildPhase;
			buildActionMask = 2147483647;
			files = (
			);
			inputFileListPaths = (
				"${PODS_ROOT}/Target Support Files/Pods-MessageApp/Pods-MessageApp-frameworks-${CONFIGURATION}-input-files.xcfilelist",
			);
			name = "[CP] Embed Pods Frameworks";
			outputFileListPaths = (
				"${PODS_ROOT}/Target Support Files/Pods-MessageApp/Pods-MessageApp-frameworks-${CONFIGURATION}-output-files.xcfilelist",
			);
			runOnlyForDeploymentPostprocessing = 0;
			shellPath = /bin/sh;
			shellScript = "\"${PODS_ROOT}/Target Support Files/Pods-MessageApp/Pods-MessageApp-frameworks.sh\"\n";
			showEnvVarsInLog = 0;
		};
		4C1B4D84BF2B643506A3E8E0 /* [CP] Check Pods Manifest.lock */ = {
			isa = PBXShellScriptBuildPhase;
			buildActionMask = 2147483647;
			files = (
			);
			inputFileListPaths = (
			);
			inputPaths = (
				"${PODS_PODFILE_DIR_PATH}/Podfile.lock",
				"${PODS_ROOT}/Manifest.lock",
			);
			name = "[CP] Check Pods Manifest.lock";
			outputFileListPaths = (
			);
			outputPaths = (
				"$(DERIVED_FILE_DIR)/Pods-MessageApp-checkManifestLockResult.txt",
			);
			runOnlyForDeploymentPostprocessing = 0;
			shellPath = /bin/sh;
			shellScript = "diff \"${PODS_PODFILE_DIR_PATH}/Podfile.lock\" \"${PODS_ROOT}/Manifest.lock\" > /dev/null\nif [ $? != 0 ] ; then\n    # print error to STDERR\n    echo \"error: The sandbox is not in sync with the Podfile.lock. Run 'pod install' or update your CocoaPods installation.\" >&2\n    exit 1\nfi\n# This output is used by Xcode 'outputs' to avoid re-running this script phase.\necho \"SUCCESS\" > \"${SCRIPT_OUTPUT_FILE_0}\"\n";
			showEnvVarsInLog = 0;
		};
/* End PBXShellScriptBuildPhase section */

/* Begin PBXSourcesBuildPhase section */
		3578BED82352AE1800A36A58 /* Sources */ = {
			isa = PBXSourcesBuildPhase;
			buildActionMask = 2147483647;
			files = (
				3578BEE42352AE1800A36A58 /* ViewController.swift in Sources */,
				3578BEE02352AE1800A36A58 /* AppDelegate.swift in Sources */,
				3578BEF42352AEDA00A36A58 /* ContentView.swift in Sources */,
				3578BEE22352AE1800A36A58 /* SceneDelegate.swift in Sources */,
			);
			runOnlyForDeploymentPostprocessing = 0;
		};
/* End PBXSourcesBuildPhase section */

/* Begin PBXVariantGroup section */
		3578BEE52352AE1800A36A58 /* Main.storyboard */ = {
			isa = PBXVariantGroup;
			children = (
				3578BEE62352AE1800A36A58 /* Base */,
			);
			name = Main.storyboard;
			sourceTree = "<group>";
		};
		3578BEEA2352AE1800A36A58 /* LaunchScreen.storyboard */ = {
			isa = PBXVariantGroup;
			children = (
				3578BEEB2352AE1800A36A58 /* Base */,
			);
			name = LaunchScreen.storyboard;
			sourceTree = "<group>";
		};
/* End PBXVariantGroup section */

/* Begin XCBuildConfiguration section */
		3578BEEE2352AE1800A36A58 /* Debug */ = {
			isa = XCBuildConfiguration;
			buildSettings = {
				ALWAYS_SEARCH_USER_PATHS = NO;
				CLANG_ANALYZER_NONNULL = YES;
				CLANG_ANALYZER_NUMBER_OBJECT_CONVERSION = YES_AGGRESSIVE;
				CLANG_CXX_LANGUAGE_STANDARD = "gnu++14";
				CLANG_CXX_LIBRARY = "libc++";
				CLANG_ENABLE_MODULES = YES;
				CLANG_ENABLE_OBJC_ARC = YES;
				CLANG_ENABLE_OBJC_WEAK = YES;
				CLANG_WARN_BLOCK_CAPTURE_AUTORELEASING = YES;
				CLANG_WARN_BOOL_CONVERSION = YES;
				CLANG_WARN_COMMA = YES;
				CLANG_WARN_CONSTANT_CONVERSION = YES;
				CLANG_WARN_DEPRECATED_OBJC_IMPLEMENTATIONS = YES;
				CLANG_WARN_DIRECT_OBJC_ISA_USAGE = YES_ERROR;
				CLANG_WARN_DOCUMENTATION_COMMENTS = YES;
				CLANG_WARN_EMPTY_BODY = YES;
				CLANG_WARN_ENUM_CONVERSION = YES;
				CLANG_WARN_INFINITE_RECURSION = YES;
				CLANG_WARN_INT_CONVERSION = YES;
				CLANG_WARN_NON_LITERAL_NULL_CONVERSION = YES;
				CLANG_WARN_OBJC_IMPLICIT_RETAIN_SELF = YES;
				CLANG_WARN_OBJC_LITERAL_CONVERSION = YES;
				CLANG_WARN_OBJC_ROOT_CLASS = YES_ERROR;
				CLANG_WARN_RANGE_LOOP_ANALYSIS = YES;
				CLANG_WARN_STRICT_PROTOTYPES = YES;
				CLANG_WARN_SUSPICIOUS_MOVE = YES;
				CLANG_WARN_UNGUARDED_AVAILABILITY = YES_AGGRESSIVE;
				CLANG_WARN_UNREACHABLE_CODE = YES;
				CLANG_WARN__DUPLICATE_METHOD_MATCH = YES;
				COPY_PHASE_STRIP = NO;
				DEBUG_INFORMATION_FORMAT = dwarf;
				ENABLE_STRICT_OBJC_MSGSEND = YES;
				ENABLE_TESTABILITY = YES;
				GCC_C_LANGUAGE_STANDARD = gnu11;
				GCC_DYNAMIC_NO_PIC = NO;
				GCC_NO_COMMON_BLOCKS = YES;
				GCC_OPTIMIZATION_LEVEL = 0;
				GCC_PREPROCESSOR_DEFINITIONS = (
					"DEBUG=1",
					"$(inherited)",
				);
				GCC_WARN_64_TO_32_BIT_CONVERSION = YES;
				GCC_WARN_ABOUT_RETURN_TYPE = YES_ERROR;
				GCC_WARN_UNDECLARED_SELECTOR = YES;
				GCC_WARN_UNINITIALIZED_AUTOS = YES_AGGRESSIVE;
				GCC_WARN_UNUSED_FUNCTION = YES;
				GCC_WARN_UNUSED_VARIABLE = YES;
				IPHONEOS_DEPLOYMENT_TARGET = 13.1;
				MTL_ENABLE_DEBUG_INFO = INCLUDE_SOURCE;
				MTL_FAST_MATH = YES;
				ONLY_ACTIVE_ARCH = YES;
				SDKROOT = iphoneos;
				SWIFT_ACTIVE_COMPILATION_CONDITIONS = DEBUG;
				SWIFT_OPTIMIZATION_LEVEL = "-Onone";
			};
			name = Debug;
		};
		3578BEEF2352AE1800A36A58 /* Release */ = {
			isa = XCBuildConfiguration;
			buildSettings = {
				ALWAYS_SEARCH_USER_PATHS = NO;
				CLANG_ANALYZER_NONNULL = YES;
				CLANG_ANALYZER_NUMBER_OBJECT_CONVERSION = YES_AGGRESSIVE;
				CLANG_CXX_LANGUAGE_STANDARD = "gnu++14";
				CLANG_CXX_LIBRARY = "libc++";
				CLANG_ENABLE_MODULES = YES;
				CLANG_ENABLE_OBJC_ARC = YES;
				CLANG_ENABLE_OBJC_WEAK = YES;
				CLANG_WARN_BLOCK_CAPTURE_AUTORELEASING = YES;
				CLANG_WARN_BOOL_CONVERSION = YES;
				CLANG_WARN_COMMA = YES;
				CLANG_WARN_CONSTANT_CONVERSION = YES;
				CLANG_WARN_DEPRECATED_OBJC_IMPLEMENTATIONS = YES;
				CLANG_WARN_DIRECT_OBJC_ISA_USAGE = YES_ERROR;
				CLANG_WARN_DOCUMENTATION_COMMENTS = YES;
				CLANG_WARN_EMPTY_BODY = YES;
				CLANG_WARN_ENUM_CONVERSION = YES;
				CLANG_WARN_INFINITE_RECURSION = YES;
				CLANG_WARN_INT_CONVERSION = YES;
				CLANG_WARN_NON_LITERAL_NULL_CONVERSION = YES;
				CLANG_WARN_OBJC_IMPLICIT_RETAIN_SELF = YES;
				CLANG_WARN_OBJC_LITERAL_CONVERSION = YES;
				CLANG_WARN_OBJC_ROOT_CLASS = YES_ERROR;
				CLANG_WARN_RANGE_LOOP_ANALYSIS = YES;
				CLANG_WARN_STRICT_PROTOTYPES = YES;
				CLANG_WARN_SUSPICIOUS_MOVE = YES;
				CLANG_WARN_UNGUARDED_AVAILABILITY = YES_AGGRESSIVE;
				CLANG_WARN_UNREACHABLE_CODE = YES;
				CLANG_WARN__DUPLICATE_METHOD_MATCH = YES;
				COPY_PHASE_STRIP = NO;
				DEBUG_INFORMATION_FORMAT = "dwarf-with-dsym";
				ENABLE_NS_ASSERTIONS = NO;
				ENABLE_STRICT_OBJC_MSGSEND = YES;
				GCC_C_LANGUAGE_STANDARD = gnu11;
				GCC_NO_COMMON_BLOCKS = YES;
				GCC_WARN_64_TO_32_BIT_CONVERSION = YES;
				GCC_WARN_ABOUT_RETURN_TYPE = YES_ERROR;
				GCC_WARN_UNDECLARED_SELECTOR = YES;
				GCC_WARN_UNINITIALIZED_AUTOS = YES_AGGRESSIVE;
				GCC_WARN_UNUSED_FUNCTION = YES;
				GCC_WARN_UNUSED_VARIABLE = YES;
				IPHONEOS_DEPLOYMENT_TARGET = 13.1;
				MTL_ENABLE_DEBUG_INFO = NO;
				MTL_FAST_MATH = YES;
				SDKROOT = iphoneos;
				SWIFT_COMPILATION_MODE = wholemodule;
				SWIFT_OPTIMIZATION_LEVEL = "-O";
				VALIDATE_PRODUCT = YES;
			};
			name = Release;
		};
		3578BEF12352AE1800A36A58 /* Debug */ = {
			isa = XCBuildConfiguration;
			baseConfigurationReference = E10E894E25F9A931BE69D4EC /* Pods-MessageApp.debug.xcconfig */;
			buildSettings = {
				ASSETCATALOG_COMPILER_APPICON_NAME = AppIcon;
				CODE_SIGN_STYLE = Automatic;
				DEVELOPMENT_TEAM = 37SYLUBRJT;
				INFOPLIST_FILE = MessageApp/Info.plist;
				LD_RUNPATH_SEARCH_PATHS = (
					"$(inherited)",
					"@executable_path/Frameworks",
				);
				PRODUCT_BUNDLE_IDENTIFIER = JCTGY.MessageApp;
				PRODUCT_NAME = "$(TARGET_NAME)";
				SWIFT_VERSION = 5.0;
				TARGETED_DEVICE_FAMILY = "1,2";
			};
			name = Debug;
		};
		3578BEF22352AE1800A36A58 /* Release */ = {
			isa = XCBuildConfiguration;
			baseConfigurationReference = 6F37EA5585205F24C51A9C42 /* Pods-MessageApp.release.xcconfig */;
			buildSettings = {
				ASSETCATALOG_COMPILER_APPICON_NAME = AppIcon;
				CODE_SIGN_STYLE = Automatic;
				DEVELOPMENT_TEAM = 37SYLUBRJT;
				INFOPLIST_FILE = MessageApp/Info.plist;
				LD_RUNPATH_SEARCH_PATHS = (
					"$(inherited)",
					"@executable_path/Frameworks",
				);
				PRODUCT_BUNDLE_IDENTIFIER = JCTGY.MessageApp;
				PRODUCT_NAME = "$(TARGET_NAME)";
				SWIFT_VERSION = 5.0;
				TARGETED_DEVICE_FAMILY = "1,2";
			};
			name = Release;
		};
/* End XCBuildConfiguration section */

/* Begin XCConfigurationList section */
		3578BED72352AE1800A36A58 /* Build configuration list for PBXProject "MessageApp" */ = {
			isa = XCConfigurationList;
			buildConfigurations = (
				3578BEEE2352AE1800A36A58 /* Debug */,
				3578BEEF2352AE1800A36A58 /* Release */,
			);
			defaultConfigurationIsVisible = 0;
			defaultConfigurationName = Release;
		};
		3578BEF02352AE1800A36A58 /* Build configuration list for PBXNativeTarget "MessageApp" */ = {
			isa = XCConfigurationList;
			buildConfigurations = (
				3578BEF12352AE1800A36A58 /* Debug */,
				3578BEF22352AE1800A36A58 /* Release */,
			);
			defaultConfigurationIsVisible = 0;
			defaultConfigurationName = Release;
		};
/* End XCConfigurationList section */
	};
	rootObject = 3578BED42352AE1800A36A58 /* Project object */;
}
