// !$*UTF8*$!
{
	archiveVersion = 1;
	classes = {
	};
	objectVersion = 50;
	objects = {

/* Begin PBXBuildFile section */
		350BC0F82342E3D3004F63DC /* AppDelegate.swift in Sources */ = {isa = PBXBuildFile; fileRef = 350BC0F72342E3D3004F63DC /* AppDelegate.swift */; };
		350BC0FA2342E3D3004F63DC /* SceneDelegate.swift in Sources */ = {isa = PBXBuildFile; fileRef = 350BC0F92342E3D3004F63DC /* SceneDelegate.swift */; };
		350BC0FC2342E3D3004F63DC /* ViewController.swift in Sources */ = {isa = PBXBuildFile; fileRef = 350BC0FB2342E3D3004F63DC /* ViewController.swift */; };
		350BC0FF2342E3D3004F63DC /* Main.storyboard in Resources */ = {isa = PBXBuildFile; fileRef = 350BC0FD2342E3D3004F63DC /* Main.storyboard */; };
		350BC1012342E3D4004F63DC /* Assets.xcassets in Resources */ = {isa = PBXBuildFile; fileRef = 350BC1002342E3D4004F63DC /* Assets.xcassets */; };
		350BC1042342E3D4004F63DC /* LaunchScreen.storyboard in Resources */ = {isa = PBXBuildFile; fileRef = 350BC1022342E3D4004F63DC /* LaunchScreen.storyboard */; };
		350BC10D2342EEE6004F63DC /* SnowAnimation.swift in Sources */ = {isa = PBXBuildFile; fileRef = 350BC10C2342EEE6004F63DC /* SnowAnimation.swift */; };
		350BC11123430187004F63DC /* snow2.png in Resources */ = {isa = PBXBuildFile; fileRef = 350BC10E23430187004F63DC /* snow2.png */; };
		350BC11223430187004F63DC /* snow3.png in Resources */ = {isa = PBXBuildFile; fileRef = 350BC10F23430187004F63DC /* snow3.png */; };
		350BC11323430187004F63DC /* snow1.png in Resources */ = {isa = PBXBuildFile; fileRef = 350BC11023430187004F63DC /* snow1.png */; };
		350BC115234305F9004F63DC /* UIimageResize.swift in Sources */ = {isa = PBXBuildFile; fileRef = 350BC114234305F9004F63DC /* UIimageResize.swift */; };
/* End PBXBuildFile section */

/* Begin PBXFileReference section */
		350BC0F42342E3D3004F63DC /* JoinTheOOParty.app */ = {isa = PBXFileReference; explicitFileType = wrapper.application; includeInIndex = 0; path = JoinTheOOParty.app; sourceTree = BUILT_PRODUCTS_DIR; };
		350BC0F72342E3D3004F63DC /* AppDelegate.swift */ = {isa = PBXFileReference; lastKnownFileType = sourcecode.swift; path = AppDelegate.swift; sourceTree = "<group>"; };
		350BC0F92342E3D3004F63DC /* SceneDelegate.swift */ = {isa = PBXFileReference; lastKnownFileType = sourcecode.swift; path = SceneDelegate.swift; sourceTree = "<group>"; };
		350BC0FB2342E3D3004F63DC /* ViewController.swift */ = {isa = PBXFileReference; lastKnownFileType = sourcecode.swift; path = ViewController.swift; sourceTree = "<group>"; };
		350BC0FE2342E3D3004F63DC /* Base */ = {isa = PBXFileReference; lastKnownFileType = file.storyboard; name = Base; path = Base.lproj/Main.storyboard; sourceTree = "<group>"; };
		350BC1002342E3D4004F63DC /* Assets.xcassets */ = {isa = PBXFileReference; lastKnownFileType = folder.assetcatalog; path = Assets.xcassets; sourceTree = "<group>"; };
		350BC1032342E3D4004F63DC /* Base */ = {isa = PBXFileReference; lastKnownFileType = file.storyboard; name = Base; path = Base.lproj/LaunchScreen.storyboard; sourceTree = "<group>"; };
		350BC1052342E3D4004F63DC /* Info.plist */ = {isa = PBXFileReference; lastKnownFileType = text.plist.xml; path = Info.plist; sourceTree = "<group>"; };
		350BC10C2342EEE6004F63DC /* SnowAnimation.swift */ = {isa = PBXFileReference; lastKnownFileType = sourcecode.swift; path = SnowAnimation.swift; sourceTree = "<group>"; };
		350BC10E23430187004F63DC /* snow2.png */ = {isa = PBXFileReference; lastKnownFileType = image.png; name = snow2.png; path = ../../../../../snow2.png; sourceTree = "<group>"; };
		350BC10F23430187004F63DC /* snow3.png */ = {isa = PBXFileReference; lastKnownFileType = image.png; name = snow3.png; path = ../../../../../snow3.png; sourceTree = "<group>"; };
		350BC11023430187004F63DC /* snow1.png */ = {isa = PBXFileReference; lastKnownFileType = image.png; name = snow1.png; path = ../../../../../snow1.png; sourceTree = "<group>"; };
		350BC114234305F9004F63DC /* UIimageResize.swift */ = {isa = PBXFileReference; lastKnownFileType = sourcecode.swift; path = UIimageResize.swift; sourceTree = "<group>"; };
/* End PBXFileReference section */

/* Begin PBXFrameworksBuildPhase section */
		350BC0F12342E3D3004F63DC /* Frameworks */ = {
			isa = PBXFrameworksBuildPhase;
			buildActionMask = 2147483647;
			files = (
			);
			runOnlyForDeploymentPostprocessing = 0;
		};
/* End PBXFrameworksBuildPhase section */

/* Begin PBXGroup section */
		350BC0EB2342E3D3004F63DC = {
			isa = PBXGroup;
			children = (
				350BC0F62342E3D3004F63DC /* JoinTheOOParty */,
				350BC0F52342E3D3004F63DC /* Products */,
			);
			sourceTree = "<group>";
		};
		350BC0F52342E3D3004F63DC /* Products */ = {
			isa = PBXGroup;
			children = (
				350BC0F42342E3D3004F63DC /* JoinTheOOParty.app */,
			);
			name = Products;
			sourceTree = "<group>";
		};
		350BC0F62342E3D3004F63DC /* JoinTheOOParty */ = {
			isa = PBXGroup;
			children = (
				350BC0FD2342E3D3004F63DC /* Main.storyboard */,
				350BC10C2342EEE6004F63DC /* SnowAnimation.swift */,
				350BC0FB2342E3D3004F63DC /* ViewController.swift */,
				350BC114234305F9004F63DC /* UIimageResize.swift */,
				350BC0F92342E3D3004F63DC /* SceneDelegate.swift */,
				350BC11023430187004F63DC /* snow1.png */,
				350BC10E23430187004F63DC /* snow2.png */,
				350BC10F23430187004F63DC /* snow3.png */,
				350BC10B2342E3EA004F63DC /* Supporting Files */,
				350BC1052342E3D4004F63DC /* Info.plist */,
			);
			path = JoinTheOOParty;
			sourceTree = "<group>";
		};
		350BC10B2342E3EA004F63DC /* Supporting Files */ = {
			isa = PBXGroup;
			children = (
				350BC0F72342E3D3004F63DC /* AppDelegate.swift */,
				350BC1002342E3D4004F63DC /* Assets.xcassets */,
				350BC1022342E3D4004F63DC /* LaunchScreen.storyboard */,
			);
			path = "Supporting Files";
			sourceTree = "<group>";
		};
/* End PBXGroup section */

/* Begin PBXNativeTarget section */
		350BC0F32342E3D3004F63DC /* JoinTheOOParty */ = {
			isa = PBXNativeTarget;
			buildConfigurationList = 350BC1082342E3D4004F63DC /* Build configuration list for PBXNativeTarget "JoinTheOOParty" */;
			buildPhases = (
				350BC0F02342E3D3004F63DC /* Sources */,
				350BC0F12342E3D3004F63DC /* Frameworks */,
				350BC0F22342E3D3004F63DC /* Resources */,
			);
			buildRules = (
			);
			dependencies = (
			);
			name = JoinTheOOParty;
			productName = JoinTheOOParty;
			productReference = 350BC0F42342E3D3004F63DC /* JoinTheOOParty.app */;
			productType = "com.apple.product-type.application";
		};
/* End PBXNativeTarget section */

/* Begin PBXProject section */
		350BC0EC2342E3D3004F63DC /* Project object */ = {
			isa = PBXProject;
			attributes = {
				LastSwiftUpdateCheck = 1100;
				LastUpgradeCheck = 1100;
				ORGANIZATIONNAME = "jeffrey chiang";
				TargetAttributes = {
					350BC0F32342E3D3004F63DC = {
						CreatedOnToolsVersion = 11.0;
					};
				};
			};
			buildConfigurationList = 350BC0EF2342E3D3004F63DC /* Build configuration list for PBXProject "JoinTheOOParty" */;
			compatibilityVersion = "Xcode 9.3";
			developmentRegion = en;
			hasScannedForEncodings = 0;
			knownRegions = (
				en,
				Base,
			);
			mainGroup = 350BC0EB2342E3D3004F63DC;
			productRefGroup = 350BC0F52342E3D3004F63DC /* Products */;
			projectDirPath = "";
			projectRoot = "";
			targets = (
				350BC0F32342E3D3004F63DC /* JoinTheOOParty */,
			);
		};
/* End PBXProject section */

/* Begin PBXResourcesBuildPhase section */
		350BC0F22342E3D3004F63DC /* Resources */ = {
			isa = PBXResourcesBuildPhase;
			buildActionMask = 2147483647;
			files = (
				350BC1042342E3D4004F63DC /* LaunchScreen.storyboard in Resources */,
				350BC11123430187004F63DC /* snow2.png in Resources */,
				350BC11223430187004F63DC /* snow3.png in Resources */,
				350BC1012342E3D4004F63DC /* Assets.xcassets in Resources */,
				350BC11323430187004F63DC /* snow1.png in Resources */,
				350BC0FF2342E3D3004F63DC /* Main.storyboard in Resources */,
			);
			runOnlyForDeploymentPostprocessing = 0;
		};
/* End PBXResourcesBuildPhase section */

/* Begin PBXSourcesBuildPhase section */
		350BC0F02342E3D3004F63DC /* Sources */ = {
			isa = PBXSourcesBuildPhase;
			buildActionMask = 2147483647;
			files = (
				350BC115234305F9004F63DC /* UIimageResize.swift in Sources */,
				350BC0FC2342E3D3004F63DC /* ViewController.swift in Sources */,
				350BC10D2342EEE6004F63DC /* SnowAnimation.swift in Sources */,
				350BC0F82342E3D3004F63DC /* AppDelegate.swift in Sources */,
				350BC0FA2342E3D3004F63DC /* SceneDelegate.swift in Sources */,
			);
			runOnlyForDeploymentPostprocessing = 0;
		};
/* End PBXSourcesBuildPhase section */

/* Begin PBXVariantGroup section */
		350BC0FD2342E3D3004F63DC /* Main.storyboard */ = {
			isa = PBXVariantGroup;
			children = (
				350BC0FE2342E3D3004F63DC /* Base */,
			);
			name = Main.storyboard;
			sourceTree = "<group>";
		};
		350BC1022342E3D4004F63DC /* LaunchScreen.storyboard */ = {
			isa = PBXVariantGroup;
			children = (
				350BC1032342E3D4004F63DC /* Base */,
			);
			name = LaunchScreen.storyboard;
			sourceTree = "<group>";
		};
/* End PBXVariantGroup section */

/* Begin XCBuildConfiguration section */
		350BC1062342E3D4004F63DC /* Debug */ = {
			isa = XCBuildConfiguration;
			buildSettings = {
				ALWAYS_SEARCH_USER_PATHS = NO;
				CLANG_ANALYZER_NONNULL = YES;
				CLANG_ANALYZER_NUMBER_OBJECT_CONVERSION = YES_AGGRESSIVE;
				CLANG_CXX_LANGUAGE_STANDARD = "gnu++14";
				CLANG_CXX_LIBRARY = "libc++";
				CLANG_ENABLE_MODULES = YES;
				CLANG_ENABLE_OBJC_ARC = YES;
				CLANG_ENABLE_OBJC_WEAK = YES;
				CLANG_WARN_BLOCK_CAPTURE_AUTORELEASING = YES;
				CLANG_WARN_BOOL_CONVERSION = YES;
				CLANG_WARN_COMMA = YES;
				CLANG_WARN_CONSTANT_CONVERSION = YES;
				CLANG_WARN_DEPRECATED_OBJC_IMPLEMENTATIONS = YES;
				CLANG_WARN_DIRECT_OBJC_ISA_USAGE = YES_ERROR;
				CLANG_WARN_DOCUMENTATION_COMMENTS = YES;
				CLANG_WARN_EMPTY_BODY = YES;
				CLANG_WARN_ENUM_CONVERSION = YES;
				CLANG_WARN_INFINITE_RECURSION = YES;
				CLANG_WARN_INT_CONVERSION = YES;
				CLANG_WARN_NON_LITERAL_NULL_CONVERSION = YES;
				CLANG_WARN_OBJC_IMPLICIT_RETAIN_SELF = YES;
				CLANG_WARN_OBJC_LITERAL_CONVERSION = YES;
				CLANG_WARN_OBJC_ROOT_CLASS = YES_ERROR;
				CLANG_WARN_RANGE_LOOP_ANALYSIS = YES;
				CLANG_WARN_STRICT_PROTOTYPES = YES;
				CLANG_WARN_SUSPICIOUS_MOVE = YES;
				CLANG_WARN_UNGUARDED_AVAILABILITY = YES_AGGRESSIVE;
				CLANG_WARN_UNREACHABLE_CODE = YES;
				CLANG_WARN__DUPLICATE_METHOD_MATCH = YES;
				COPY_PHASE_STRIP = NO;
				DEBUG_INFORMATION_FORMAT = dwarf;
				ENABLE_STRICT_OBJC_MSGSEND = YES;
				ENABLE_TESTABILITY = YES;
				GCC_C_LANGUAGE_STANDARD = gnu11;
				GCC_DYNAMIC_NO_PIC = NO;
				GCC_NO_COMMON_BLOCKS = YES;
				GCC_OPTIMIZATION_LEVEL = 0;
				GCC_PREPROCESSOR_DEFINITIONS = (
					"DEBUG=1",
					"$(inherited)",
				);
				GCC_WARN_64_TO_32_BIT_CONVERSION = YES;
				GCC_WARN_ABOUT_RETURN_TYPE = YES_ERROR;
				GCC_WARN_UNDECLARED_SELECTOR = YES;
				GCC_WARN_UNINITIALIZED_AUTOS = YES_AGGRESSIVE;
				GCC_WARN_UNUSED_FUNCTION = YES;
				GCC_WARN_UNUSED_VARIABLE = YES;
				IPHONEOS_DEPLOYMENT_TARGET = 13.0;
				MTL_ENABLE_DEBUG_INFO = INCLUDE_SOURCE;
				MTL_FAST_MATH = YES;
				ONLY_ACTIVE_ARCH = YES;
				SDKROOT = iphoneos;
				SWIFT_ACTIVE_COMPILATION_CONDITIONS = DEBUG;
				SWIFT_OPTIMIZATION_LEVEL = "-Onone";
			};
			name = Debug;
		};
		350BC1072342E3D4004F63DC /* Release */ = {
			isa = XCBuildConfiguration;
			buildSettings = {
				ALWAYS_SEARCH_USER_PATHS = NO;
				CLANG_ANALYZER_NONNULL = YES;
				CLANG_ANALYZER_NUMBER_OBJECT_CONVERSION = YES_AGGRESSIVE;
				CLANG_CXX_LANGUAGE_STANDARD = "gnu++14";
				CLANG_CXX_LIBRARY = "libc++";
				CLANG_ENABLE_MODULES = YES;
				CLANG_ENABLE_OBJC_ARC = YES;
				CLANG_ENABLE_OBJC_WEAK = YES;
				CLANG_WARN_BLOCK_CAPTURE_AUTORELEASING = YES;
				CLANG_WARN_BOOL_CONVERSION = YES;
				CLANG_WARN_COMMA = YES;
				CLANG_WARN_CONSTANT_CONVERSION = YES;
				CLANG_WARN_DEPRECATED_OBJC_IMPLEMENTATIONS = YES;
				CLANG_WARN_DIRECT_OBJC_ISA_USAGE = YES_ERROR;
				CLANG_WARN_DOCUMENTATION_COMMENTS = YES;
				CLANG_WARN_EMPTY_BODY = YES;
				CLANG_WARN_ENUM_CONVERSION = YES;
				CLANG_WARN_INFINITE_RECURSION = YES;
				CLANG_WARN_INT_CONVERSION = YES;
				CLANG_WARN_NON_LITERAL_NULL_CONVERSION = YES;
				CLANG_WARN_OBJC_IMPLICIT_RETAIN_SELF = YES;
				CLANG_WARN_OBJC_LITERAL_CONVERSION = YES;
				CLANG_WARN_OBJC_ROOT_CLASS = YES_ERROR;
				CLANG_WARN_RANGE_LOOP_ANALYSIS = YES;
				CLANG_WARN_STRICT_PROTOTYPES = YES;
				CLANG_WARN_SUSPICIOUS_MOVE = YES;
				CLANG_WARN_UNGUARDED_AVAILABILITY = YES_AGGRESSIVE;
				CLANG_WARN_UNREACHABLE_CODE = YES;
				CLANG_WARN__DUPLICATE_METHOD_MATCH = YES;
				COPY_PHASE_STRIP = NO;
				DEBUG_INFORMATION_FORMAT = "dwarf-with-dsym";
				ENABLE_NS_ASSERTIONS = NO;
				ENABLE_STRICT_OBJC_MSGSEND = YES;
				GCC_C_LANGUAGE_STANDARD = gnu11;
				GCC_NO_COMMON_BLOCKS = YES;
				GCC_WARN_64_TO_32_BIT_CONVERSION = YES;
				GCC_WARN_ABOUT_RETURN_TYPE = YES_ERROR;
				GCC_WARN_UNDECLARED_SELECTOR = YES;
				GCC_WARN_UNINITIALIZED_AUTOS = YES_AGGRESSIVE;
				GCC_WARN_UNUSED_FUNCTION = YES;
				GCC_WARN_UNUSED_VARIABLE = YES;
				IPHONEOS_DEPLOYMENT_TARGET = 13.0;
				MTL_ENABLE_DEBUG_INFO = NO;
				MTL_FAST_MATH = YES;
				SDKROOT = iphoneos;
				SWIFT_COMPILATION_MODE = wholemodule;
				SWIFT_OPTIMIZATION_LEVEL = "-O";
				VALIDATE_PRODUCT = YES;
			};
			name = Release;
		};
		350BC1092342E3D4004F63DC /* Debug */ = {
			isa = XCBuildConfiguration;
			buildSettings = {
				ASSETCATALOG_COMPILER_APPICON_NAME = AppIcon;
				CODE_SIGN_STYLE = Automatic;
				DEVELOPMENT_TEAM = 37SYLUBRJT;
				INFOPLIST_FILE = JoinTheOOParty/Info.plist;
				LD_RUNPATH_SEARCH_PATHS = (
					"$(inherited)",
					"@executable_path/Frameworks",
				);
				PRODUCT_BUNDLE_IDENTIFIER = JCTGY.JoinTheOOParty;
				PRODUCT_NAME = "$(TARGET_NAME)";
				SWIFT_VERSION = 5.0;
				TARGETED_DEVICE_FAMILY = "1,2";
			};
			name = Debug;
		};
		350BC10A2342E3D4004F63DC /* Release */ = {
			isa = XCBuildConfiguration;
			buildSettings = {
				ASSETCATALOG_COMPILER_APPICON_NAME = AppIcon;
				CODE_SIGN_STYLE = Automatic;
				DEVELOPMENT_TEAM = 37SYLUBRJT;
				INFOPLIST_FILE = JoinTheOOParty/Info.plist;
				LD_RUNPATH_SEARCH_PATHS = (
					"$(inherited)",
					"@executable_path/Frameworks",
				);
				PRODUCT_BUNDLE_IDENTIFIER = JCTGY.JoinTheOOParty;
				PRODUCT_NAME = "$(TARGET_NAME)";
				SWIFT_VERSION = 5.0;
				TARGETED_DEVICE_FAMILY = "1,2";
			};
			name = Release;
		};
/* End XCBuildConfiguration section */

/* Begin XCConfigurationList section */
		350BC0EF2342E3D3004F63DC /* Build configuration list for PBXProject "JoinTheOOParty" */ = {
			isa = XCConfigurationList;
			buildConfigurations = (
				350BC1062342E3D4004F63DC /* Debug */,
				350BC1072342E3D4004F63DC /* Release */,
			);
			defaultConfigurationIsVisible = 0;
			defaultConfigurationName = Release;
		};
		350BC1082342E3D4004F63DC /* Build configuration list for PBXNativeTarget "JoinTheOOParty" */ = {
			isa = XCConfigurationList;
			buildConfigurations = (
				350BC1092342E3D4004F63DC /* Debug */,
				350BC10A2342E3D4004F63DC /* Release */,
			);
			defaultConfigurationIsVisible = 0;
			defaultConfigurationName = Release;
		};
/* End XCConfigurationList section */
	};
	rootObject = 350BC0EC2342E3D3004F63DC /* Project object */;
}
